
Microsoft Visual Studio Solution File, Format Version 12.00
# Visual Studio Version 17
VisualStudioVersion = 17.0.32002.185
MinimumVisualStudioVersion = 10.0.40219.1
Project("{FAE04EC0-301F-11D3-BF4B-00C04F79EFBC}") = "bookstore", "bookstore\bookstore.csproj", "{C4407AB2-82B7-441D-825B-DFC673AAA327}"
EndProject
Global
	GlobalSection(SolutionConfigurationPlatforms) = preSolution
		Debug|Any CPU = Debug|Any CPU
		Release|Any CPU = Release|Any CPU
	EndGlobalSection
	GlobalSection(ProjectConfigurationPlatforms) = postSolution
		{C4407AB2-82B7-441D-825B-DFC673AAA327}.Debug|Any CPU.ActiveCfg = Debug|Any CPU
		{C4407AB2-82B7-441D-825B-DFC673AAA327}.Debug|Any CPU.Build.0 = Debug|Any CPU
		{C4407AB2-82B7-441D-825B-DFC673AAA327}.Release|Any CPU.ActiveCfg = Release|Any CPU
		{C4407AB2-82B7-441D-825B-DFC673AAA327}.Release|Any CPU.Build.0 = Release|Any CPU
	EndGlobalSection
	GlobalSection(SolutionProperties) = preSolution
		HideSolutionNode = FALSE
	EndGlobalSection
	GlobalSection(ExtensibilityGlobals) = postSolution
		SolutionGuid = {F2B41B51-5361-4C98-8C74-A6560C69A165}
	EndGlobalSection
EndGlobal
